// !$*UTF8*$!
{
	archiveVersion = 1;
	classes = {
	};
	objectVersion = 77;
	objects = {

/* Begin PBXBuildFile section */
		000000000000000000000005 /* FirebaseAuth in Frameworks */ = {isa = PBXBuildFile; productRef = 000000000000000000000006 /* FirebaseAuth */; };
		000000000000000000000007 /* FirebaseFirestore in Frameworks */ = {isa = PBXBuildFile; productRef = 000000000000000000000008 /* FirebaseFirestore */; };
		000000000000000000000009 /* FirebaseFunctions in Frameworks */ = {isa = PBXBuildFile; productRef = 00000000000000000000000A /* FirebaseFunctions */; };
/* End PBXBuildFile section */

/* Begin PBXFileReference section */
		00000000000000000000000B /* PetNote.app */ = {isa = PBXFileReference; explicitFileType = "wrapper.application"; includeInIndex = 0; path = PetNote.app; sourceTree = BUILT_PRODUCTS_DIR; };
		00000000000000000000000C /* PetNoteAppTests.xctest */ = {isa = PBXFileReference; explicitFileType = "wrapper.cfbundle"; includeInIndex = 0; path = PetNoteAppTests.xctest; sourceTree = BUILT_PRODUCTS_DIR; };
		00000000000000000000000D /* PetNoteAppUITests.xctest */ = {isa = PBXFileReference; explicitFileType = "wrapper.cfbundle"; includeInIndex = 0; path = PetNoteAppUITests.xctest; sourceTree = BUILT_PRODUCTS_DIR; };
		00000000000000000000000E /* Debug-Emulator.xcconfig */ = {isa = PBXFileReference; lastKnownFileType = text.xcconfig; path = Debug-Emulator.xcconfig; sourceTree = "<group>"; };
		00000000000000000000000F /* Debug-Prod.xcconfig */ = {isa = PBXFileReference; lastKnownFileType = text.xcconfig; path = Debug-Prod.xcconfig; sourceTree = "<group>"; };
		000000000000000000000010 /* Release.xcconfig */ = {isa = PBXFileReference; lastKnownFileType = text.xcconfig; path = Release.xcconfig; sourceTree = "<group>"; };
		000000000000000000000011 /* Base.xcconfig */ = {isa = PBXFileReference; lastKnownFileType = text.xcconfig; path = Base.xcconfig; sourceTree = "<group>"; };
		000000000000000000000012 /* Info.plist */ = {isa = PBXFileReference; lastKnownFileType = text.plist.xml; path = Info.plist; sourceTree = "<group>"; };
		000000000000000000000013 /* Local.xcconfig.example */ = {isa = PBXFileReference; lastKnownFileType = text; path = Local.xcconfig.example; sourceTree = "<group>"; };
/* End PBXFileReference section */

/* Begin PBXFileSystemSynchronizedRootGroup section */
		000000000000000000000014 /* App */ = {isa = PBXFileSystemSynchronizedRootGroup; explicitFileTypes = {}; explicitFolders = (); path = App; sourceTree = "<group>"; };
		000000000000000000000015 /* Core */ = {isa = PBXFileSystemSynchronizedRootGroup; explicitFileTypes = {}; explicitFolders = (); path = Core; sourceTree = "<group>"; };
		000000000000000000000016 /* Features */ = {isa = PBXFileSystemSynchronizedRootGroup; explicitFileTypes = {}; explicitFolders = (); path = Features; sourceTree = "<group>"; };
		000000000000000000000017 /* DesignSystem */ = {isa = PBXFileSystemSynchronizedRootGroup; explicitFileTypes = {}; explicitFolders = (); path = DesignSystem; sourceTree = "<group>"; };
		000000000000000000000018 /* Support */ = {isa = PBXFileSystemSynchronizedRootGroup; explicitFileTypes = {}; explicitFolders = (); path = Support; sourceTree = "<group>"; };
		000000000000000000000019 /* PetNoteAppTests */ = {isa = PBXFileSystemSynchronizedRootGroup; explicitFileTypes = {}; explicitFolders = (); path = PetNoteAppTests; sourceTree = "<group>"; };
		00000000000000000000001A /* PetNoteAppUITests */ = {isa = PBXFileSystemSynchronizedRootGroup; explicitFileTypes = {}; explicitFolders = (); path = PetNoteAppUITests; sourceTree = "<group>"; };
/* End PBXFileSystemSynchronizedRootGroup section */

/* Begin PBXFrameworksBuildPhase section */
		00000000000000000000001B /* Frameworks */ = {
			isa = PBXFrameworksBuildPhase;
			buildActionMask = 2147483647;
			files = (
				000000000000000000000005 /* FirebaseAuth in Frameworks */,
				000000000000000000000007 /* FirebaseFirestore in Frameworks */,
				000000000000000000000009 /* FirebaseFunctions in Frameworks */,
			);
			runOnlyForDeploymentPostprocessing = 0;
		};
		00000000000000000000001C /* Frameworks */ = {
			isa = PBXFrameworksBuildPhase;
			buildActionMask = 2147483647;
			files = (
			);
			runOnlyForDeploymentPostprocessing = 0;
		};
		00000000000000000000001D /* Frameworks */ = {
			isa = PBXFrameworksBuildPhase;
			buildActionMask = 2147483647;
			files = (
			);
			runOnlyForDeploymentPostprocessing = 0;
		};
/* End PBXFrameworksBuildPhase section */

/* Begin PBXSourcesBuildPhase section */
		00000000000000000000001E /* Sources */ = {
			isa = PBXSourcesBuildPhase;
			buildActionMask = 2147483647;
			files = (
			);
			runOnlyForDeploymentPostprocessing = 0;
		};
		00000000000000000000001F /* Sources */ = {
			isa = PBXSourcesBuildPhase;
			buildActionMask = 2147483647;
			files = (
			);
			runOnlyForDeploymentPostprocessing = 0;
		};
		000000000000000000000020 /* Sources */ = {
			isa = PBXSourcesBuildPhase;
			buildActionMask = 2147483647;
			files = (
			);
			runOnlyForDeploymentPostprocessing = 0;
		};
/* End PBXSourcesBuildPhase section */

/* Begin PBXResourcesBuildPhase section */
		000000000000000000000021 /* Resources */ = {
			isa = PBXResourcesBuildPhase;
			buildActionMask = 2147483647;
			files = (
			);
			runOnlyForDeploymentPostprocessing = 0;
		};
		000000000000000000000022 /* Resources */ = {
			isa = PBXResourcesBuildPhase;
			buildActionMask = 2147483647;
			files = (
			);
			runOnlyForDeploymentPostprocessing = 0;
		};
		000000000000000000000023 /* Resources */ = {
			isa = PBXResourcesBuildPhase;
			buildActionMask = 2147483647;
			files = (
			);
			runOnlyForDeploymentPostprocessing = 0;
		};
/* End PBXResourcesBuildPhase section */

/* Begin PBXGroup section */
		000000000000000000000002 = {
			isa = PBXGroup;
			children = (
				000000000000000000000014 /* App */,
				000000000000000000000015 /* Core */,
				000000000000000000000016 /* Features */,
				000000000000000000000017 /* DesignSystem */,
				000000000000000000000018 /* Support */,
				000000000000000000000004 /* Config */,
				000000000000000000000019 /* PetNoteAppTests */,
				00000000000000000000001A /* PetNoteAppUITests */,
				000000000000000000000003 /* Products */,
			);
			sourceTree = "<group>";
		};
		000000000000000000000003 /* Products */ = {
			isa = PBXGroup;
			children = (
				00000000000000000000000B /* PetNote.app */,
				00000000000000000000000C /* PetNoteAppTests.xctest */,
				00000000000000000000000D /* PetNoteAppUITests.xctest */,
			);
			name = Products;
			sourceTree = "<group>";
		};
		000000000000000000000004 /* Config */ = {
			isa = PBXGroup;
			children = (
				000000000000000000000011 /* Base.xcconfig */,
				00000000000000000000000E /* Debug-Emulator.xcconfig */,
				00000000000000000000000F /* Debug-Prod.xcconfig */,
				000000000000000000000010 /* Release.xcconfig */,
				000000000000000000000013 /* Local.xcconfig.example */,
				000000000000000000000012 /* Info.plist */,
			);
			path = Config;
			sourceTree = "<group>";
		};
/* End PBXGroup section */

/* Begin PBXNativeTarget section */
		000000000000000000000024 /* PetNoteApp */ = {
			isa = PBXNativeTarget;
			buildConfigurationList = 000000000000000000000025 /* Build configuration list for PBXNativeTarget "PetNoteApp" */;
			buildPhases = (
				00000000000000000000001E /* Sources */,
				00000000000000000000001B /* Frameworks */,
				000000000000000000000021 /* Resources */,
			);
			buildRules = (
			);
			dependencies = (
			);
			fileSystemSynchronizedGroups = (
				000000000000000000000014 /* App */,
				000000000000000000000015 /* Core */,
				000000000000000000000016 /* Features */,
				000000000000000000000017 /* DesignSystem */,
				000000000000000000000018 /* Support */,
			);
			name = PetNoteApp;
			productName = PetNoteApp;
			productReference = 00000000000000000000000B /* PetNote.app */;
			packageProductDependencies = (
				000000000000000000000006 /* FirebaseAuth */,
				000000000000000000000008 /* FirebaseFirestore */,
				00000000000000000000000A /* FirebaseFunctions */,
			);
			productType = "com.apple.product-type.application";
		};
		000000000000000000000026 /* PetNoteAppTests */ = {
			isa = PBXNativeTarget;
			buildConfigurationList = 000000000000000000000027 /* Build configuration list for PBXNativeTarget "PetNoteAppTests" */;
			buildPhases = (
				00000000000000000000001F /* Sources */,
				00000000000000000000001C /* Frameworks */,
				000000000000000000000022 /* Resources */,
			);
			buildRules = (
			);
			dependencies = (
				000000000000000000000028 /* PBXTargetDependency */,
			);
			fileSystemSynchronizedGroups = (
				000000000000000000000019 /* PetNoteAppTests */,
			);
			name = PetNoteAppTests;
			productName = PetNoteAppTests;
			productReference = 00000000000000000000000C /* PetNoteAppTests.xctest */;
			productType = "com.apple.product-type.bundle.unit-test";
		};
		000000000000000000000029 /* PetNoteAppUITests */ = {
			isa = PBXNativeTarget;
			buildConfigurationList = 00000000000000000000002A /* Build configuration list for PBXNativeTarget "PetNoteAppUITests" */;
			buildPhases = (
				000000000000000000000020 /* Sources */,
				00000000000000000000001D /* Frameworks */,
				000000000000000000000023 /* Resources */,
			);
			buildRules = (
			);
			dependencies = (
				00000000000000000000002B /* PBXTargetDependency */,
			);
			fileSystemSynchronizedGroups = (
				00000000000000000000001A /* PetNoteAppUITests */,
			);
			name = PetNoteAppUITests;
			productName = PetNoteAppUITests;
			productReference = 00000000000000000000000D /* PetNoteAppUITests.xctest */;
			productType = "com.apple.product-type.bundle.ui-testing";
		};
/* End PBXNativeTarget section */

/* Begin PBXProject section */
		000000000000000000000001 /* Project object */ = {
			isa = PBXProject;
			attributes = {
				BuildIndependentTargetsInParallel = 1;
				LastSwiftUpdateCheck = 2700;
				LastUpgradeCheck = 2700;
				TargetAttributes = {
					000000000000000000000024 = {
						CreatedOnToolsVersion = 27.0;
					};
					000000000000000000000026 = {
						CreatedOnToolsVersion = 27.0;
						TestTargetID = 000000000000000000000024;
					};
					000000000000000000000029 = {
						CreatedOnToolsVersion = 27.0;
						TestTargetID = 000000000000000000000024;
					};
				};
			};
			buildConfigurationList = 00000000000000000000002C /* Build configuration list for PBXProject "PetNoteApp" */;
			developmentRegion = en;
			hasScannedForEncodings = 0;
			knownRegions = (
				en,
				Base,
			);
			mainGroup = 000000000000000000000002;
			minimizedProjectReferenceProxies = 1;
			packageReferences = (
				00000000000000000000002D /* XCRemoteSwiftPackageReference "firebase-ios-sdk" */,
			);
			preferredProjectObjectVersion = 77;
			productRefGroup = 000000000000000000000003 /* Products */;
			projectDirPath = "";
			projectRoot = "";
			targets = (
				000000000000000000000024 /* PetNoteApp */,
				000000000000000000000026 /* PetNoteAppTests */,
				000000000000000000000029 /* PetNoteAppUITests */,
			);
		};
/* End PBXProject section */

/* Begin PBXContainerItemProxy section */
		00000000000000000000002E /* PBXContainerItemProxy */ = {
			isa = PBXContainerItemProxy;
			containerPortal = 000000000000000000000001 /* Project object */;
			proxyType = 1;
			remoteGlobalIDString = 000000000000000000000024;
			remoteInfo = PetNoteApp;
		};
		00000000000000000000002F /* PBXContainerItemProxy */ = {
			isa = PBXContainerItemProxy;
			containerPortal = 000000000000000000000001 /* Project object */;
			proxyType = 1;
			remoteGlobalIDString = 000000000000000000000024;
			remoteInfo = PetNoteApp;
		};
/* End PBXContainerItemProxy section */

/* Begin PBXTargetDependency section */
		000000000000000000000028 /* PBXTargetDependency */ = {
			isa = PBXTargetDependency;
			target = 000000000000000000000024 /* PetNoteApp */;
			targetProxy = 00000000000000000000002E /* PBXContainerItemProxy */;
		};
		00000000000000000000002B /* PBXTargetDependency */ = {
			isa = PBXTargetDependency;
			target = 000000000000000000000024 /* PetNoteApp */;
			targetProxy = 00000000000000000000002F /* PBXContainerItemProxy */;
		};
/* End PBXTargetDependency section */

/* Begin XCRemoteSwiftPackageReference section */
		00000000000000000000002D /* XCRemoteSwiftPackageReference "firebase-ios-sdk" */ = {
			isa = XCRemoteSwiftPackageReference;
			repositoryURL = "https://github.com/firebase/firebase-ios-sdk.git";
			requirement = {
				kind = upToNextMinorVersion;
				minimumVersion = 12.19.0;
			};
		};
/* End XCRemoteSwiftPackageReference section */

/* Begin XCSwiftPackageProductDependency section */
		000000000000000000000006 /* FirebaseAuth */ = {
			isa = XCSwiftPackageProductDependency;
			package = 00000000000000000000002D /* XCRemoteSwiftPackageReference "firebase-ios-sdk" */;
			productName = FirebaseAuth;
		};
		000000000000000000000008 /* FirebaseFirestore */ = {
			isa = XCSwiftPackageProductDependency;
			package = 00000000000000000000002D /* XCRemoteSwiftPackageReference "firebase-ios-sdk" */;
			productName = FirebaseFirestore;
		};
		00000000000000000000000A /* FirebaseFunctions */ = {
			isa = XCSwiftPackageProductDependency;
			package = 00000000000000000000002D /* XCRemoteSwiftPackageReference "firebase-ios-sdk" */;
			productName = FirebaseFunctions;
		};
/* End XCSwiftPackageProductDependency section */

/* Begin XCBuildConfiguration section */
		000000000000000000000030 /* Debug-Emulator */ = {
			isa = XCBuildConfiguration;
			baseConfigurationReference = 00000000000000000000000E /* Debug-Emulator.xcconfig */;
			buildSettings = {
				ALWAYS_SEARCH_USER_PATHS = NO;
				CLANG_ANALYZER_NONNULL = YES;
				CLANG_ENABLE_OBJC_ARC = YES;
				COPY_PHASE_STRIP = NO;
				ENABLE_STRICT_OBJC_MSGSEND = YES;
				GCC_NO_COMMON_BLOCKS = YES;
				LOCALIZATION_PREFERS_STRING_CATALOGS = YES;
				SWIFT_EMIT_LOC_STRINGS = YES;
				DEBUG_INFORMATION_FORMAT = "dwarf";
			};
			name = "Debug-Emulator";
		};
		000000000000000000000031 /* Debug-Emulator */ = {
			isa = XCBuildConfiguration;
			baseConfigurationReference = 00000000000000000000000E /* Debug-Emulator.xcconfig */;
			buildSettings = {
				GENERATE_INFOPLIST_FILE = YES;
			};
			name = "Debug-Emulator";
		};
		000000000000000000000032 /* Debug-Emulator */ = {
			isa = XCBuildConfiguration;
			buildSettings = {
				PRODUCT_BUNDLE_IDENTIFIER = dev.local.petnote.native.tests;
				PRODUCT_NAME = "$(TARGET_NAME)";
				GENERATE_INFOPLIST_FILE = YES;
				INFOPLIST_FILE = "";
				BUNDLE_LOADER = "$(TEST_HOST)";
				TEST_HOST = "$(BUILT_PRODUCTS_DIR)/PetNote.app/$(BUNDLE_EXECUTABLE_FOLDER_PATH)/PetNote";
				CODE_SIGN_STYLE = Automatic;
			};
			name = "Debug-Emulator";
		};
		000000000000000000000033 /* Debug-Emulator */ = {
			isa = XCBuildConfiguration;
			buildSettings = {
				PRODUCT_BUNDLE_IDENTIFIER = dev.local.petnote.native.uitests;
				PRODUCT_NAME = "$(TARGET_NAME)";
				GENERATE_INFOPLIST_FILE = YES;
				INFOPLIST_FILE = "";
				TEST_TARGET_NAME = PetNoteApp;
				CODE_SIGN_STYLE = Automatic;
			};
			name = "Debug-Emulator";
		};
		000000000000000000000034 /* Debug-Prod */ = {
			isa = XCBuildConfiguration;
			baseConfigurationReference = 00000000000000000000000F /* Debug-Prod.xcconfig */;
			buildSettings = {
				ALWAYS_SEARCH_USER_PATHS = NO;
				CLANG_ANALYZER_NONNULL = YES;
				CLANG_ENABLE_OBJC_ARC = YES;
				COPY_PHASE_STRIP = NO;
				ENABLE_STRICT_OBJC_MSGSEND = YES;
				GCC_NO_COMMON_BLOCKS = YES;
				LOCALIZATION_PREFERS_STRING_CATALOGS = YES;
				SWIFT_EMIT_LOC_STRINGS = YES;
				DEBUG_INFORMATION_FORMAT = "dwarf";
			};
			name = "Debug-Prod";
		};
		000000000000000000000035 /* Debug-Prod */ = {
			isa = XCBuildConfiguration;
			baseConfigurationReference = 00000000000000000000000F /* Debug-Prod.xcconfig */;
			buildSettings = {
				GENERATE_INFOPLIST_FILE = YES;
			};
			name = "Debug-Prod";
		};
		000000000000000000000036 /* Debug-Prod */ = {
			isa = XCBuildConfiguration;
			buildSettings = {
				PRODUCT_BUNDLE_IDENTIFIER = dev.local.petnote.native.tests;
				PRODUCT_NAME = "$(TARGET_NAME)";
				GENERATE_INFOPLIST_FILE = YES;
				INFOPLIST_FILE = "";
				BUNDLE_LOADER = "$(TEST_HOST)";
				TEST_HOST = "$(BUILT_PRODUCTS_DIR)/PetNote.app/$(BUNDLE_EXECUTABLE_FOLDER_PATH)/PetNote";
				CODE_SIGN_STYLE = Automatic;
			};
			name = "Debug-Prod";
		};
		000000000000000000000037 /* Debug-Prod */ = {
			isa = XCBuildConfiguration;
			buildSettings = {
				PRODUCT_BUNDLE_IDENTIFIER = dev.local.petnote.native.uitests;
				PRODUCT_NAME = "$(TARGET_NAME)";
				GENERATE_INFOPLIST_FILE = YES;
				INFOPLIST_FILE = "";
				TEST_TARGET_NAME = PetNoteApp;
				CODE_SIGN_STYLE = Automatic;
			};
			name = "Debug-Prod";
		};
		000000000000000000000038 /* Release */ = {
			isa = XCBuildConfiguration;
			baseConfigurationReference = 000000000000000000000010 /* Release.xcconfig */;
			buildSettings = {
				ALWAYS_SEARCH_USER_PATHS = NO;
				CLANG_ANALYZER_NONNULL = YES;
				CLANG_ENABLE_OBJC_ARC = YES;
				COPY_PHASE_STRIP = NO;
				ENABLE_STRICT_OBJC_MSGSEND = YES;
				GCC_NO_COMMON_BLOCKS = YES;
				LOCALIZATION_PREFERS_STRING_CATALOGS = YES;
				SWIFT_EMIT_LOC_STRINGS = YES;
				DEBUG_INFORMATION_FORMAT = "dwarf-with-dsym";
			};
			name = "Release";
		};
		000000000000000000000039 /* Release */ = {
			isa = XCBuildConfiguration;
			baseConfigurationReference = 000000000000000000000010 /* Release.xcconfig */;
			buildSettings = {
				GENERATE_INFOPLIST_FILE = YES;
			};
			name = "Release";
		};
		00000000000000000000003A /* Release */ = {
			isa = XCBuildConfiguration;
			buildSettings = {
				PRODUCT_BUNDLE_IDENTIFIER = dev.local.petnote.native.tests;
				PRODUCT_NAME = "$(TARGET_NAME)";
				GENERATE_INFOPLIST_FILE = YES;
				INFOPLIST_FILE = "";
				BUNDLE_LOADER = "$(TEST_HOST)";
				TEST_HOST = "$(BUILT_PRODUCTS_DIR)/PetNote.app/$(BUNDLE_EXECUTABLE_FOLDER_PATH)/PetNote";
				CODE_SIGN_STYLE = Automatic;
			};
			name = "Release";
		};
		00000000000000000000003B /* Release */ = {
			isa = XCBuildConfiguration;
			buildSettings = {
				PRODUCT_BUNDLE_IDENTIFIER = dev.local.petnote.native.uitests;
				PRODUCT_NAME = "$(TARGET_NAME)";
				GENERATE_INFOPLIST_FILE = YES;
				INFOPLIST_FILE = "";
				TEST_TARGET_NAME = PetNoteApp;
				CODE_SIGN_STYLE = Automatic;
			};
			name = "Release";
		};
/* End XCBuildConfiguration section */

/* Begin XCConfigurationList section */
		00000000000000000000002C /* Build configuration list for PBXProject "PetNoteApp" */ = {
			isa = XCConfigurationList;
			buildConfigurations = (
				000000000000000000000030 /* Debug-Emulator */,
				000000000000000000000034 /* Debug-Prod */,
				000000000000000000000038 /* Release */,
			);
			defaultConfigurationIsVisible = 0;
			defaultConfigurationName = "Debug-Emulator";
		};
		000000000000000000000025 /* Build configuration list for PBXNativeTarget "PetNoteApp" */ = {
			isa = XCConfigurationList;
			buildConfigurations = (
				000000000000000000000031 /* Debug-Emulator */,
				000000000000000000000035 /* Debug-Prod */,
				000000000000000000000039 /* Release */,
			);
			defaultConfigurationIsVisible = 0;
			defaultConfigurationName = "Debug-Emulator";
		};
		000000000000000000000027 /* Build configuration list for PBXNativeTarget "PetNoteAppTests" */ = {
			isa = XCConfigurationList;
			buildConfigurations = (
				000000000000000000000032 /* Debug-Emulator */,
				000000000000000000000036 /* Debug-Prod */,
				00000000000000000000003A /* Release */,
			);
			defaultConfigurationIsVisible = 0;
			defaultConfigurationName = "Debug-Emulator";
		};
		00000000000000000000002A /* Build configuration list for PBXNativeTarget "PetNoteAppUITests" */ = {
			isa = XCConfigurationList;
			buildConfigurations = (
				000000000000000000000033 /* Debug-Emulator */,
				000000000000000000000037 /* Debug-Prod */,
				00000000000000000000003B /* Release */,
			);
			defaultConfigurationIsVisible = 0;
			defaultConfigurationName = "Debug-Emulator";
		};
/* End XCConfigurationList section */
	};
	rootObject = 000000000000000000000001 /* Project object */;
}
